
Microsoft Visual Studio Solution File, Format Version 12.00
# Visual Studio 2013
VisualStudioVersion = 12.0.40629.0
MinimumVisualStudioVersion = 10.0.40219.1
Project("{2150E333-8FDC-42A3-9474-1A3956D46DE8}") = "src", "src", "{1E82351A-99BF-4EF0-8EBC-986181096588}"
EndProject
Project("{2150E333-8FDC-42A3-9474-1A3956D46DE8}") = "tests", "tests", "{CB517849-5451-4545-A258-D82BB1EC1641}"
EndProject
Project("{FAE04EC0-301F-11D3-BF4B-00C04F79EFBC}") = "Dematt.Airy.Nhibernate.NodaTime", "src\Dematt.Airy.Nhibernate.NodaTime\Dematt.Airy.Nhibernate.NodaTime.csproj", "{CEF2B0DE-7A6F-4716-AB05-B1C318211078}"
EndProject
Project("{FAE04EC0-301F-11D3-BF4B-00C04F79EFBC}") = "Dematt.Airy.Tests.NodaTime", "tests\Dematt.Airy.Tests.NodaTime\Dematt.Airy.Tests.NodaTime.csproj", "{CB02F055-2BE8-401A-9778-6EE9DE9D1A45}"
EndProject
Project("{2150E333-8FDC-42A3-9474-1A3956D46DE8}") = "tools", "tools", "{D2E10BD0-4E8E-4345-8133-0C4B5E22BE81}"
	ProjectSection(SolutionItems) = preProject
		tools\CreateNugetPackages.ps1 = tools\CreateNugetPackages.ps1
		tools\CreateSqlDatabase.ps1 = tools\CreateSqlDatabase.ps1
		tools\ReplaceFile.ps1 = tools\ReplaceFile.ps1
		tools\SetVersion.ps1 = tools\SetVersion.ps1
	EndProjectSection
EndProject
Project("{2150E333-8FDC-42A3-9474-1A3956D46DE8}") = "Solution Items", "Solution Items", "{CF259BF6-9878-45D2-BE3B-51F783BB3044}"
	ProjectSection(SolutionItems) = preProject
		AiryNugetIcon128x128.png = AiryNugetIcon128x128.png
		AiryNugetIcon32x32.png = AiryNugetIcon32x32.png
		AiryNugetIcon48x48.png = AiryNugetIcon48x48.png
		appveyor.yml = appveyor.yml
		LICENSE = LICENSE
		NOTES.txt = NOTES.txt
		README.md = README.md
		ReleaseNotes.txt = ReleaseNotes.txt
	EndProjectSection
EndProject
Project("{FAE04EC0-301F-11D3-BF4B-00C04F79EFBC}") = "Dematt.Airy.Nhibernate.NodaMoney", "src\Dematt.Airy.Nhibernate.NodaMoney\Dematt.Airy.Nhibernate.NodaMoney.csproj", "{CF789C04-B6AE-4684-B475-80EE207170B8}"
EndProject
Project("{FAE04EC0-301F-11D3-BF4B-00C04F79EFBC}") = "Dematt.Airy.Tests.NodaMoney", "tests\Dematt.Airy.Tests.NodaMoney\Dematt.Airy.Tests.NodaMoney.csproj", "{3AC7B078-CFDE-49AD-9A6E-B2B60204C7F6}"
EndProject
Global
	GlobalSection(SolutionConfigurationPlatforms) = preSolution
		Debug|Any CPU = Debug|Any CPU
		Release|Any CPU = Release|Any CPU
	EndGlobalSection
	GlobalSection(ProjectConfigurationPlatforms) = postSolution
		{CEF2B0DE-7A6F-4716-AB05-B1C318211078}.Debug|Any CPU.ActiveCfg = Debug|Any CPU
		{CEF2B0DE-7A6F-4716-AB05-B1C318211078}.Debug|Any CPU.Build.0 = Debug|Any CPU
		{CEF2B0DE-7A6F-4716-AB05-B1C318211078}.Release|Any CPU.ActiveCfg = Release|Any CPU
		{CEF2B0DE-7A6F-4716-AB05-B1C318211078}.Release|Any CPU.Build.0 = Release|Any CPU
		{CB02F055-2BE8-401A-9778-6EE9DE9D1A45}.Debug|Any CPU.ActiveCfg = Debug|Any CPU
		{CB02F055-2BE8-401A-9778-6EE9DE9D1A45}.Debug|Any CPU.Build.0 = Debug|Any CPU
		{CB02F055-2BE8-401A-9778-6EE9DE9D1A45}.Release|Any CPU.ActiveCfg = Release|Any CPU
		{CB02F055-2BE8-401A-9778-6EE9DE9D1A45}.Release|Any CPU.Build.0 = Release|Any CPU
		{CF789C04-B6AE-4684-B475-80EE207170B8}.Debug|Any CPU.ActiveCfg = Debug|Any CPU
		{CF789C04-B6AE-4684-B475-80EE207170B8}.Debug|Any CPU.Build.0 = Debug|Any CPU
		{CF789C04-B6AE-4684-B475-80EE207170B8}.Release|Any CPU.ActiveCfg = Release|Any CPU
		{CF789C04-B6AE-4684-B475-80EE207170B8}.Release|Any CPU.Build.0 = Release|Any CPU
		{3AC7B078-CFDE-49AD-9A6E-B2B60204C7F6}.Debug|Any CPU.ActiveCfg = Debug|Any CPU
		{3AC7B078-CFDE-49AD-9A6E-B2B60204C7F6}.Debug|Any CPU.Build.0 = Debug|Any CPU
		{3AC7B078-CFDE-49AD-9A6E-B2B60204C7F6}.Release|Any CPU.ActiveCfg = Release|Any CPU
		{3AC7B078-CFDE-49AD-9A6E-B2B60204C7F6}.Release|Any CPU.Build.0 = Release|Any CPU
	EndGlobalSection
	GlobalSection(SolutionProperties) = preSolution
		HideSolutionNode = FALSE
	EndGlobalSection
	GlobalSection(NestedProjects) = preSolution
		{CEF2B0DE-7A6F-4716-AB05-B1C318211078} = {1E82351A-99BF-4EF0-8EBC-986181096588}
		{CB02F055-2BE8-401A-9778-6EE9DE9D1A45} = {CB517849-5451-4545-A258-D82BB1EC1641}
		{CF789C04-B6AE-4684-B475-80EE207170B8} = {1E82351A-99BF-4EF0-8EBC-986181096588}
		{3AC7B078-CFDE-49AD-9A6E-B2B60204C7F6} = {CB517849-5451-4545-A258-D82BB1EC1641}
	EndGlobalSection
EndGlobal
